// !$*UTF8*$!
{
	archiveVersion = 1;
	classes = {
	};
	objectVersion = 56;
	objects = {

/* Begin PBXBuildFile section */
		940FCB23298E0D83008FD02F /* LARUpDownStepper.m in Sources */ = {isa = PBXBuildFile; fileRef = 940FCB22298E0D83008FD02F /* LARUpDownStepper.m */; };
		940FCB42298F079F008FD02F /* LARSplitViewController.m in Sources */ = {isa = PBXBuildFile; fileRef = 940FCB41298F079F008FD02F /* LARSplitViewController.m */; };
		940FCC4A29918A1B008FD02F /* PTZCameraOpener.m in Sources */ = {isa = PBXBuildFile; fileRef = 940FCC4829918A1A008FD02F /* PTZCameraOpener.m */; };
		940FCC5029922346008FD02F /* PTZStartStopButton.m in Sources */ = {isa = PBXBuildFile; fileRef = 940FCC4F29922346008FD02F /* PTZStartStopButton.m */; };
		940FCC542992EDE5008FD02F /* PSMCameraCollectionWindowController.m in Sources */ = {isa = PBXBuildFile; fileRef = 940FCC522992EDE5008FD02F /* PSMCameraCollectionWindowController.m */; };
		940FCC552992EDE5008FD02F /* PSMCameraCollectionWindowController.xib in Resources */ = {isa = PBXBuildFile; fileRef = 940FCC532992EDE5008FD02F /* PSMCameraCollectionWindowController.xib */; };
		940FCC592992F0A3008FD02F /* PSMCameraCollectionItem.m in Sources */ = {isa = PBXBuildFile; fileRef = 940FCC572992F0A3008FD02F /* PSMCameraCollectionItem.m */; };
		940FCC5A2992F0A3008FD02F /* PSMCameraCollectionItem.xib in Resources */ = {isa = PBXBuildFile; fileRef = 940FCC582992F0A3008FD02F /* PSMCameraCollectionItem.xib */; };
		941BFE5729ADE67300ECEC23 /* pixman-utils.c in Sources */ = {isa = PBXBuildFile; fileRef = 941BFE5229ADE67200ECEC23 /* pixman-utils.c */; };
		941BFE5829ADE67300ECEC23 /* pixman-region32.c in Sources */ = {isa = PBXBuildFile; fileRef = 941BFE5429ADE67300ECEC23 /* pixman-region32.c */; settings = {COMPILER_FLAGS = "-Wno-conversion"; }; };
		946346BB297F5C860015BA8F /* PSMCameraStateWindowController.xib in Resources */ = {isa = PBXBuildFile; fileRef = 946346BA297F5C860015BA8F /* PSMCameraStateWindowController.xib */; };
		946346BE297F5CBF0015BA8F /* PSMCameraStateWindowController.m in Sources */ = {isa = PBXBuildFile; fileRef = 946346BD297F5CBF0015BA8F /* PSMCameraStateWindowController.m */; };
		946346C1297F5D000015BA8F /* PTZCameraStateViewController.m in Sources */ = {isa = PBXBuildFile; fileRef = 946346BF297F5D000015BA8F /* PTZCameraStateViewController.m */; };
		946346C4297F5DBA0015BA8F /* PTZOutlineViewDictionaryDataSource.m in Sources */ = {isa = PBXBuildFile; fileRef = 946346C2297F5DBA0015BA8F /* PTZOutlineViewDictionaryDataSource.m */; };
		946346CB297F5DE70015BA8F /* NSColorAdditions.m in Sources */ = {isa = PBXBuildFile; fileRef = 946346C6297F5DE70015BA8F /* NSColorAdditions.m */; };
		946346CC297F5DE70015BA8F /* NSWindowAdditions.m in Sources */ = {isa = PBXBuildFile; fileRef = 946346C7297F5DE70015BA8F /* NSWindowAdditions.m */; };
		946346CD297F5DE70015BA8F /* ColorTempSliderCell.m in Sources */ = {isa = PBXBuildFile; fileRef = 946346C8297F5DE70015BA8F /* ColorTempSliderCell.m */; };
		946346D0297F60740015BA8F /* PTZStarButtonCell.m in Sources */ = {isa = PBXBuildFile; fileRef = 946346CF297F60740015BA8F /* PTZStarButtonCell.m */; };
		9463826B29807D8E0015BA8F /* liblibRTSPClient.a in Frameworks */ = {isa = PBXBuildFile; fileRef = 9463826A29807D8D0015BA8F /* liblibRTSPClient.a */; };
		9463826E29807DF60015BA8F /* RTSPViewController.m in Sources */ = {isa = PBXBuildFile; fileRef = 9463826C29807DF60015BA8F /* RTSPViewController.m */; };
		9463827729807F190015BA8F /* libavformat.a in Frameworks */ = {isa = PBXBuildFile; fileRef = 9463827029807F190015BA8F /* libavformat.a */; };
		9463827829807F190015BA8F /* libavcodec.a in Frameworks */ = {isa = PBXBuildFile; fileRef = 9463827129807F190015BA8F /* libavcodec.a */; };
		9463827929807F1A0015BA8F /* libavfilter.a in Frameworks */ = {isa = PBXBuildFile; fileRef = 9463827229807F190015BA8F /* libavfilter.a */; };
		9463827A29807F1A0015BA8F /* libswresample.a in Frameworks */ = {isa = PBXBuildFile; fileRef = 9463827329807F190015BA8F /* libswresample.a */; };
		9463827B29807F1A0015BA8F /* libswscale.a in Frameworks */ = {isa = PBXBuildFile; fileRef = 9463827429807F190015BA8F /* libswscale.a */; };
		9463827C29807F1A0015BA8F /* libavutil.a in Frameworks */ = {isa = PBXBuildFile; fileRef = 9463827529807F190015BA8F /* libavutil.a */; };
		9463827D29807F1A0015BA8F /* libavdevice.a in Frameworks */ = {isa = PBXBuildFile; fileRef = 9463827629807F190015BA8F /* libavdevice.a */; };
		9463828129807F360015BA8F /* libz.tbd in Frameworks */ = {isa = PBXBuildFile; fileRef = 9463828029807F360015BA8F /* libz.tbd */; };
		9463828229807F360015BA8F /* libiconv.tbd in Frameworks */ = {isa = PBXBuildFile; fileRef = 9463827F29807F360015BA8F /* libiconv.tbd */; };
		9463828329807F360015BA8F /* libbz2.tbd in Frameworks */ = {isa = PBXBuildFile; fileRef = 9463827E29807F360015BA8F /* libbz2.tbd */; };
		946B299D29EE468800E9C1F0 /* liblibvisca-all.a in Frameworks */ = {isa = PBXBuildFile; fileRef = 946B299C29EE468800E9C1F0 /* liblibvisca-all.a */; };
		946CA6B3299C251A00ACC947 /* PTZPrefObject.m in Sources */ = {isa = PBXBuildFile; fileRef = 946CA6B2299C251A00ACC947 /* PTZPrefObject.m */; };
		94747E22297B94F800309752 /* AppDelegate.m in Sources */ = {isa = PBXBuildFile; fileRef = 94747E21297B94F800309752 /* AppDelegate.m */; };
		94747E24297B94F900309752 /* Assets.xcassets in Resources */ = {isa = PBXBuildFile; fileRef = 94747E23297B94F900309752 /* Assets.xcassets */; };
		94747E27297B94F900309752 /* MainMenu.xib in Resources */ = {isa = PBXBuildFile; fileRef = 94747E25297B94F900309752 /* MainMenu.xib */; };
		94747E29297B94F900309752 /* main.m in Sources */ = {isa = PBXBuildFile; fileRef = 94747E28297B94F900309752 /* main.m */; };
		94747E33297B951200309752 /* PSMSceneWindowController.m in Sources */ = {isa = PBXBuildFile; fileRef = 94747E31297B951200309752 /* PSMSceneWindowController.m */; };
		94747E34297B951200309752 /* PSMSceneWindowController.xib in Resources */ = {isa = PBXBuildFile; fileRef = 94747E32297B951200309752 /* PSMSceneWindowController.xib */; };
		94747E5B297B96F900309752 /* PTZCamera.m in Sources */ = {isa = PBXBuildFile; fileRef = 94747E59297B96F900309752 /* PTZCamera.m */; };
		94747E5E297B970200309752 /* PTZCameraConfig.m in Sources */ = {isa = PBXBuildFile; fileRef = 94747E5C297B970100309752 /* PTZCameraConfig.m */; };
		94747E61297B971100309752 /* PTZProgressGroup.m in Sources */ = {isa = PBXBuildFile; fileRef = 94747E60297B971100309752 /* PTZProgressGroup.m */; };
		94747E73297B9C5F00309752 /* PTZSettingsFile.m in Sources */ = {isa = PBXBuildFile; fileRef = 94747E68297B9C5F00309752 /* PTZSettingsFile.m */; };
		94747E75297B9C5F00309752 /* PTZIniParser.m in Sources */ = {isa = PBXBuildFile; fileRef = 94747E6A297B9C5F00309752 /* PTZIniParser.m */; };
		94747E77297B9C5F00309752 /* ObjCUtils.m in Sources */ = {isa = PBXBuildFile; fileRef = 94747E70297B9C5F00309752 /* ObjCUtils.m */; };
		94747E7A297B9D5A00309752 /* PTZPrefCamera.m in Sources */ = {isa = PBXBuildFile; fileRef = 94747E78297B9D5A00309752 /* PTZPrefCamera.m */; };
		94747E80297BB36C00309752 /* PSMSceneCollectionItem.m in Sources */ = {isa = PBXBuildFile; fileRef = 94747E7F297BB36C00309752 /* PSMSceneCollectionItem.m */; };
		94747E82297BBD4800309752 /* PSMSceneCollectionItem.xib in Resources */ = {isa = PBXBuildFile; fileRef = 94747E81297BBD4800309752 /* PSMSceneCollectionItem.xib */; };
		94890E3C298275ED006EAB75 /* PSMOBSWebSocketController.mm in Sources */ = {isa = PBXBuildFile; fileRef = 94890E3B298275ED006EAB75 /* PSMOBSWebSocketController.mm */; };
		94890E4029827619006EAB75 /* easywsclient.cpp in Sources */ = {isa = PBXBuildFile; fileRef = 94890E3F29827619006EAB75 /* easywsclient.cpp */; };
		94A09648299624F700F32385 /* LARPrefWindow.m in Sources */ = {isa = PBXBuildFile; fileRef = 94A09647299624F700F32385 /* LARPrefWindow.m */; };
		94A09652299961F900F32385 /* PTZProgressWindowController.m in Sources */ = {isa = PBXBuildFile; fileRef = 94A09650299961F900F32385 /* PTZProgressWindowController.m */; };
		94A09653299961F900F32385 /* PTZProgressWindowController.xib in Resources */ = {isa = PBXBuildFile; fileRef = 94A09651299961F900F32385 /* PTZProgressWindowController.xib */; };
		94C55AB7297CE96700D8C1DB /* Notes in Resources */ = {isa = PBXBuildFile; fileRef = 94C55AB6297CE96700D8C1DB /* Notes */; };
		94C55ABA297D04B300D8C1DB /* LARClickableImageButton.m in Sources */ = {isa = PBXBuildFile; fileRef = 94C55AB9297D04B300D8C1DB /* LARClickableImageButton.m */; };
		94CEBAEE2983494A00D3C8DC /* LARContextualActionButton.m in Sources */ = {isa = PBXBuildFile; fileRef = 94CEBAED2983494A00D3C8DC /* LARContextualActionButton.m */; };
		94CEBAF72983C2EB00D3C8DC /* OBSAuth.swift in Sources */ = {isa = PBXBuildFile; fileRef = 94CEBAF62983C2EB00D3C8DC /* OBSAuth.swift */; };
		94CEBAFB2984934200D3C8DC /* PSMAppPreferencesWindowController.m in Sources */ = {isa = PBXBuildFile; fileRef = 94CEBAF92984934200D3C8DC /* PSMAppPreferencesWindowController.m */; };
		94CEBAFC2984934200D3C8DC /* PSMAppPreferencesWindowController.xib in Resources */ = {isa = PBXBuildFile; fileRef = 94CEBAFA2984934200D3C8DC /* PSMAppPreferencesWindowController.xib */; };
		94CEBAFF2986256C00D3C8DC /* PTZCameraSceneRange.m in Sources */ = {isa = PBXBuildFile; fileRef = 94CEBAFE2986256C00D3C8DC /* PTZCameraSceneRange.m */; };
		94CEBB242986B73900D3C8DC /* LARIndexSetVisualizerView.m in Sources */ = {isa = PBXBuildFile; fileRef = 94CEBB222986B73900D3C8DC /* LARIndexSetVisualizerView.m */; };
		94CEBB292989B8CE00D3C8DC /* PTZAltKeyButton.m in Sources */ = {isa = PBXBuildFile; fileRef = 94CEBB282989B8CE00D3C8DC /* PTZAltKeyButton.m */; };
		94CEBB38298A0CCE00D3C8DC /* DraggingStackView.swift in Sources */ = {isa = PBXBuildFile; fileRef = 94CEBB37298A0CCE00D3C8DC /* DraggingStackView.swift */; };
		94CEBB40298B58CF00D3C8DC /* PSMRangeCollectionViewController.m in Sources */ = {isa = PBXBuildFile; fileRef = 94CEBB3E298B58CF00D3C8DC /* PSMRangeCollectionViewController.m */; };
		94CEBB45298B5B9F00D3C8DC /* PSMRangeCollectionWindowController.m in Sources */ = {isa = PBXBuildFile; fileRef = 94CEBB43298B5B9F00D3C8DC /* PSMRangeCollectionWindowController.m */; };
		94CEBB46298B5B9F00D3C8DC /* PSMRangeCollectionWindowController.xib in Resources */ = {isa = PBXBuildFile; fileRef = 94CEBB44298B5B9F00D3C8DC /* PSMRangeCollectionWindowController.xib */; };
/* End PBXBuildFile section */

/* Begin PBXFileReference section */
		940FCB21298E0D83008FD02F /* LARUpDownStepper.h */ = {isa = PBXFileReference; lastKnownFileType = sourcecode.c.h; path = LARUpDownStepper.h; sourceTree = "<group>"; };
		940FCB22298E0D83008FD02F /* LARUpDownStepper.m */ = {isa = PBXFileReference; lastKnownFileType = sourcecode.c.objc; path = LARUpDownStepper.m; sourceTree = "<group>"; };
		940FCB40298F079F008FD02F /* LARSplitViewController.h */ = {isa = PBXFileReference; lastKnownFileType = sourcecode.c.h; path = LARSplitViewController.h; sourceTree = "<group>"; };
		940FCB41298F079F008FD02F /* LARSplitViewController.m */ = {isa = PBXFileReference; lastKnownFileType = sourcecode.c.objc; path = LARSplitViewController.m; sourceTree = "<group>"; };
		940FCC4829918A1A008FD02F /* PTZCameraOpener.m */ = {isa = PBXFileReference; fileEncoding = 4; lastKnownFileType = sourcecode.c.objc; path = PTZCameraOpener.m; sourceTree = "<group>"; };
		940FCC4929918A1A008FD02F /* PTZCameraOpener.h */ = {isa = PBXFileReference; fileEncoding = 4; lastKnownFileType = sourcecode.c.h; path = PTZCameraOpener.h; sourceTree = "<group>"; };
		940FCC4E29922345008FD02F /* PTZStartStopButton.h */ = {isa = PBXFileReference; fileEncoding = 4; lastKnownFileType = sourcecode.c.h; path = PTZStartStopButton.h; sourceTree = "<group>"; };
		940FCC4F29922346008FD02F /* PTZStartStopButton.m */ = {isa = PBXFileReference; fileEncoding = 4; lastKnownFileType = sourcecode.c.objc; path = PTZStartStopButton.m; sourceTree = "<group>"; };
		940FCC512992EDE5008FD02F /* PSMCameraCollectionWindowController.h */ = {isa = PBXFileReference; lastKnownFileType = sourcecode.c.h; path = PSMCameraCollectionWindowController.h; sourceTree = "<group>"; };
		940FCC522992EDE5008FD02F /* PSMCameraCollectionWindowController.m */ = {isa = PBXFileReference; lastKnownFileType = sourcecode.c.objc; path = PSMCameraCollectionWindowController.m; sourceTree = "<group>"; };
		940FCC532992EDE5008FD02F /* PSMCameraCollectionWindowController.xib */ = {isa = PBXFileReference; lastKnownFileType = file.xib; path = PSMCameraCollectionWindowController.xib; sourceTree = "<group>"; };
		940FCC562992F0A3008FD02F /* PSMCameraCollectionItem.h */ = {isa = PBXFileReference; lastKnownFileType = sourcecode.c.h; path = PSMCameraCollectionItem.h; sourceTree = "<group>"; };
		940FCC572992F0A3008FD02F /* PSMCameraCollectionItem.m */ = {isa = PBXFileReference; lastKnownFileType = sourcecode.c.objc; path = PSMCameraCollectionItem.m; sourceTree = "<group>"; };
		940FCC582992F0A3008FD02F /* PSMCameraCollectionItem.xib */ = {isa = PBXFileReference; lastKnownFileType = file.xib; path = PSMCameraCollectionItem.xib; sourceTree = "<group>"; };
		941BFE5029ADE67200ECEC23 /* pixman-region.c */ = {isa = PBXFileReference; fileEncoding = 4; lastKnownFileType = sourcecode.c.c; path = "pixman-region.c"; sourceTree = "<group>"; };
		941BFE5229ADE67200ECEC23 /* pixman-utils.c */ = {isa = PBXFileReference; fileEncoding = 4; lastKnownFileType = sourcecode.c.c; path = "pixman-utils.c"; sourceTree = "<group>"; };
		941BFE5329ADE67300ECEC23 /* pixman.h */ = {isa = PBXFileReference; fileEncoding = 4; lastKnownFileType = sourcecode.c.h; path = pixman.h; sourceTree = "<group>"; };
		941BFE5429ADE67300ECEC23 /* pixman-region32.c */ = {isa = PBXFileReference; fileEncoding = 4; lastKnownFileType = sourcecode.c.c; path = "pixman-region32.c"; sourceTree = "<group>"; };
		941BFE5529ADE67300ECEC23 /* pixman-private.h */ = {isa = PBXFileReference; fileEncoding = 4; lastKnownFileType = sourcecode.c.h; path = "pixman-private.h"; sourceTree = "<group>"; };
		946346BA297F5C860015BA8F /* PSMCameraStateWindowController.xib */ = {isa = PBXFileReference; fileEncoding = 4; lastKnownFileType = file.xib; path = PSMCameraStateWindowController.xib; sourceTree = "<group>"; };
		946346BC297F5CBF0015BA8F /* PSMCameraStateWindowController.h */ = {isa = PBXFileReference; lastKnownFileType = sourcecode.c.h; path = PSMCameraStateWindowController.h; sourceTree = "<group>"; };
		946346BD297F5CBF0015BA8F /* PSMCameraStateWindowController.m */ = {isa = PBXFileReference; lastKnownFileType = sourcecode.c.objc; path = PSMCameraStateWindowController.m; sourceTree = "<group>"; };
		946346BF297F5D000015BA8F /* PTZCameraStateViewController.m */ = {isa = PBXFileReference; fileEncoding = 4; lastKnownFileType = sourcecode.c.objc; path = PTZCameraStateViewController.m; sourceTree = "<group>"; };
		946346C0297F5D000015BA8F /* PTZCameraStateViewController.h */ = {isa = PBXFileReference; fileEncoding = 4; lastKnownFileType = sourcecode.c.h; path = PTZCameraStateViewController.h; sourceTree = "<group>"; };
		946346C2297F5DBA0015BA8F /* PTZOutlineViewDictionaryDataSource.m */ = {isa = PBXFileReference; fileEncoding = 4; lastKnownFileType = sourcecode.c.objc; path = PTZOutlineViewDictionaryDataSource.m; sourceTree = "<group>"; };
		946346C3297F5DBA0015BA8F /* PTZOutlineViewDictionaryDataSource.h */ = {isa = PBXFileReference; fileEncoding = 4; lastKnownFileType = sourcecode.c.h; path = PTZOutlineViewDictionaryDataSource.h; sourceTree = "<group>"; };
		946346C5297F5DE70015BA8F /* NSWindowAdditions.h */ = {isa = PBXFileReference; fileEncoding = 4; lastKnownFileType = sourcecode.c.h; path = NSWindowAdditions.h; sourceTree = "<group>"; };
		946346C6297F5DE70015BA8F /* NSColorAdditions.m */ = {isa = PBXFileReference; fileEncoding = 4; lastKnownFileType = sourcecode.c.objc; path = NSColorAdditions.m; sourceTree = "<group>"; };
		946346C7297F5DE70015BA8F /* NSWindowAdditions.m */ = {isa = PBXFileReference; fileEncoding = 4; lastKnownFileType = sourcecode.c.objc; path = NSWindowAdditions.m; sourceTree = "<group>"; };
		946346C8297F5DE70015BA8F /* ColorTempSliderCell.m */ = {isa = PBXFileReference; fileEncoding = 4; lastKnownFileType = sourcecode.c.objc; path = ColorTempSliderCell.m; sourceTree = "<group>"; };
		946346C9297F5DE70015BA8F /* NSColorAdditions.h */ = {isa = PBXFileReference; fileEncoding = 4; lastKnownFileType = sourcecode.c.h; path = NSColorAdditions.h; sourceTree = "<group>"; };
		946346CA297F5DE70015BA8F /* ColorTempSliderCell.h */ = {isa = PBXFileReference; fileEncoding = 4; lastKnownFileType = sourcecode.c.h; path = ColorTempSliderCell.h; sourceTree = "<group>"; };
		946346CE297F60740015BA8F /* PTZStarButtonCell.h */ = {isa = PBXFileReference; fileEncoding = 4; lastKnownFileType = sourcecode.c.h; path = PTZStarButtonCell.h; sourceTree = "<group>"; };
		946346CF297F60740015BA8F /* PTZStarButtonCell.m */ = {isa = PBXFileReference; fileEncoding = 4; lastKnownFileType = sourcecode.c.objc; path = PTZStarButtonCell.m; sourceTree = "<group>"; };
		9463826A29807D8D0015BA8F /* liblibRTSPClient.a */ = {isa = PBXFileReference; lastKnownFileType = archive.ar; path = liblibRTSPClient.a; sourceTree = "<group>"; };
		9463826C29807DF60015BA8F /* RTSPViewController.m */ = {isa = PBXFileReference; fileEncoding = 4; lastKnownFileType = sourcecode.c.objc; path = RTSPViewController.m; sourceTree = "<group>"; };
		9463826D29807DF60015BA8F /* RTSPViewController.h */ = {isa = PBXFileReference; fileEncoding = 4; lastKnownFileType = sourcecode.c.h; path = RTSPViewController.h; sourceTree = "<group>"; };
		9463826F29807DFC0015BA8F /* RTSPPlayer.h */ = {isa = PBXFileReference; lastKnownFileType = sourcecode.c.h; path = RTSPPlayer.h; sourceTree = "<group>"; };
		9463827029807F190015BA8F /* libavformat.a */ = {isa = PBXFileReference; lastKnownFileType = archive.ar; path = libavformat.a; sourceTree = "<group>"; };
		9463827129807F190015BA8F /* libavcodec.a */ = {isa = PBXFileReference; lastKnownFileType = archive.ar; path = libavcodec.a; sourceTree = "<group>"; };
		9463827229807F190015BA8F /* libavfilter.a */ = {isa = PBXFileReference; lastKnownFileType = archive.ar; path = libavfilter.a; sourceTree = "<group>"; };
		9463827329807F190015BA8F /* libswresample.a */ = {isa = PBXFileReference; lastKnownFileType = archive.ar; path = libswresample.a; sourceTree = "<group>"; };
		9463827429807F190015BA8F /* libswscale.a */ = {isa = PBXFileReference; lastKnownFileType = archive.ar; path = libswscale.a; sourceTree = "<group>"; };
		9463827529807F190015BA8F /* libavutil.a */ = {isa = PBXFileReference; lastKnownFileType = archive.ar; path = libavutil.a; sourceTree = "<group>"; };
		9463827629807F190015BA8F /* libavdevice.a */ = {isa = PBXFileReference; lastKnownFileType = archive.ar; path = libavdevice.a; sourceTree = "<group>"; };
		9463827E29807F360015BA8F /* libbz2.tbd */ = {isa = PBXFileReference; lastKnownFileType = "sourcecode.text-based-dylib-definition"; name = libbz2.tbd; path = Platforms/iPhoneOS.platform/Developer/SDKs/iPhoneOS16.1.sdk/usr/lib/libbz2.tbd; sourceTree = DEVELOPER_DIR; };
		9463827F29807F360015BA8F /* libiconv.tbd */ = {isa = PBXFileReference; lastKnownFileType = "sourcecode.text-based-dylib-definition"; name = libiconv.tbd; path = Platforms/iPhoneOS.platform/Developer/SDKs/iPhoneOS16.1.sdk/usr/lib/libiconv.tbd; sourceTree = DEVELOPER_DIR; };
		9463828029807F360015BA8F /* libz.tbd */ = {isa = PBXFileReference; lastKnownFileType = "sourcecode.text-based-dylib-definition"; name = libz.tbd; path = Platforms/iPhoneOS.platform/Developer/SDKs/iPhoneOS16.1.sdk/usr/lib/libz.tbd; sourceTree = DEVELOPER_DIR; };
		946B299C29EE468800E9C1F0 /* liblibvisca-all.a */ = {isa = PBXFileReference; lastKnownFileType = archive.ar; path = "liblibvisca-all.a"; sourceTree = "<group>"; };
		946CA6B1299C251A00ACC947 /* PTZPrefObject.h */ = {isa = PBXFileReference; lastKnownFileType = sourcecode.c.h; path = PTZPrefObject.h; sourceTree = "<group>"; };
		946CA6B2299C251A00ACC947 /* PTZPrefObject.m */ = {isa = PBXFileReference; lastKnownFileType = sourcecode.c.objc; path = PTZPrefObject.m; sourceTree = "<group>"; };
		946CA6B4299C26F100ACC947 /* PTZPrefObjectInt.h */ = {isa = PBXFileReference; lastKnownFileType = sourcecode.c.h; path = PTZPrefObjectInt.h; sourceTree = "<group>"; };
		94747E1D297B94F800309752 /* PTZ Scene Manager.app */ = {isa = PBXFileReference; explicitFileType = wrapper.application; includeInIndex = 0; path = "PTZ Scene Manager.app"; sourceTree = BUILT_PRODUCTS_DIR; };
		94747E20297B94F800309752 /* AppDelegate.h */ = {isa = PBXFileReference; lastKnownFileType = sourcecode.c.h; path = AppDelegate.h; sourceTree = "<group>"; };
		94747E21297B94F800309752 /* AppDelegate.m */ = {isa = PBXFileReference; lastKnownFileType = sourcecode.c.objc; path = AppDelegate.m; sourceTree = "<group>"; };
		94747E23297B94F900309752 /* Assets.xcassets */ = {isa = PBXFileReference; lastKnownFileType = folder.assetcatalog; path = Assets.xcassets; sourceTree = "<group>"; };
		94747E26297B94F900309752 /* Base */ = {isa = PBXFileReference; lastKnownFileType = file.xib; name = Base; path = Base.lproj/MainMenu.xib; sourceTree = "<group>"; };
		94747E28297B94F900309752 /* main.m */ = {isa = PBXFileReference; lastKnownFileType = sourcecode.c.objc; path = main.m; sourceTree = "<group>"; };
		94747E2A297B94F900309752 /* PTZ_Scene_Manager.entitlements */ = {isa = PBXFileReference; lastKnownFileType = text.plist.entitlements; path = PTZ_Scene_Manager.entitlements; sourceTree = "<group>"; };
		94747E30297B951200309752 /* PSMSceneWindowController.h */ = {isa = PBXFileReference; lastKnownFileType = sourcecode.c.h; path = PSMSceneWindowController.h; sourceTree = "<group>"; };
		94747E31297B951200309752 /* PSMSceneWindowController.m */ = {isa = PBXFileReference; lastKnownFileType = sourcecode.c.objc; path = PSMSceneWindowController.m; sourceTree = "<group>"; };
		94747E32297B951200309752 /* PSMSceneWindowController.xib */ = {isa = PBXFileReference; lastKnownFileType = file.xib; path = PSMSceneWindowController.xib; sourceTree = "<group>"; };
		94747E57297B96A000309752 /* libvisca.h */ = {isa = PBXFileReference; fileEncoding = 4; lastKnownFileType = sourcecode.c.h; name = libvisca.h; path = "../libvisca/libvisca-ip/visca/libvisca.h"; sourceTree = "<group>"; };
		94747E58297B96F900309752 /* PTZCamera.h */ = {isa = PBXFileReference; fileEncoding = 4; lastKnownFileType = sourcecode.c.h; path = PTZCamera.h; sourceTree = "<group>"; };
		94747E59297B96F900309752 /* PTZCamera.m */ = {isa = PBXFileReference; fileEncoding = 4; lastKnownFileType = sourcecode.c.objc; path = PTZCamera.m; sourceTree = "<group>"; };
		94747E5A297B96F900309752 /* PTZCameraInt.h */ = {isa = PBXFileReference; fileEncoding = 4; lastKnownFileType = sourcecode.c.h; path = PTZCameraInt.h; sourceTree = "<group>"; };
		94747E5C297B970100309752 /* PTZCameraConfig.m */ = {isa = PBXFileReference; fileEncoding = 4; lastKnownFileType = sourcecode.c.objc; path = PTZCameraConfig.m; sourceTree = "<group>"; };
		94747E5D297B970100309752 /* PTZCameraConfig.h */ = {isa = PBXFileReference; fileEncoding = 4; lastKnownFileType = sourcecode.c.h; path = PTZCameraConfig.h; sourceTree = "<group>"; };
		94747E5F297B971100309752 /* PTZProgressGroup.h */ = {isa = PBXFileReference; fileEncoding = 4; lastKnownFileType = sourcecode.c.h; path = PTZProgressGroup.h; sourceTree = "<group>"; };
		94747E60297B971100309752 /* PTZProgressGroup.m */ = {isa = PBXFileReference; fileEncoding = 4; lastKnownFileType = sourcecode.c.objc; path = PTZProgressGroup.m; sourceTree = "<group>"; };
		94747E66297B9C5F00309752 /* dictionary.c */ = {isa = PBXFileReference; fileEncoding = 4; lastKnownFileType = sourcecode.c.c; path = dictionary.c; sourceTree = "<group>"; };
		94747E68297B9C5F00309752 /* PTZSettingsFile.m */ = {isa = PBXFileReference; fileEncoding = 4; lastKnownFileType = sourcecode.c.objc; path = PTZSettingsFile.m; sourceTree = "<group>"; };
		94747E69297B9C5F00309752 /* iniparser.c */ = {isa = PBXFileReference; fileEncoding = 4; lastKnownFileType = sourcecode.c.c; path = iniparser.c; sourceTree = "<group>"; };
		94747E6A297B9C5F00309752 /* PTZIniParser.m */ = {isa = PBXFileReference; fileEncoding = 4; lastKnownFileType = sourcecode.c.objc; path = PTZIniParser.m; sourceTree = "<group>"; };
		94747E6B297B9C5F00309752 /* ObjCUtils.h */ = {isa = PBXFileReference; fileEncoding = 4; lastKnownFileType = sourcecode.c.h; path = ObjCUtils.h; sourceTree = "<group>"; };
		94747E6C297B9C5F00309752 /* dictionary.h */ = {isa = PBXFileReference; fileEncoding = 4; lastKnownFileType = sourcecode.c.h; path = dictionary.h; sourceTree = "<group>"; };
		94747E6D297B9C5F00309752 /* PTZSettingsFile.h */ = {isa = PBXFileReference; fileEncoding = 4; lastKnownFileType = sourcecode.c.h; path = PTZSettingsFile.h; sourceTree = "<group>"; };
		94747E6F297B9C5F00309752 /* iniparser.h */ = {isa = PBXFileReference; fileEncoding = 4; lastKnownFileType = sourcecode.c.h; path = iniparser.h; sourceTree = "<group>"; };
		94747E70297B9C5F00309752 /* ObjCUtils.m */ = {isa = PBXFileReference; fileEncoding = 4; lastKnownFileType = sourcecode.c.objc; path = ObjCUtils.m; sourceTree = "<group>"; };
		94747E71297B9C5F00309752 /* PTZIniParser.h */ = {isa = PBXFileReference; fileEncoding = 4; lastKnownFileType = sourcecode.c.h; path = PTZIniParser.h; sourceTree = "<group>"; };
		94747E78297B9D5A00309752 /* PTZPrefCamera.m */ = {isa = PBXFileReference; fileEncoding = 4; lastKnownFileType = sourcecode.c.objc; path = PTZPrefCamera.m; sourceTree = "<group>"; };
		94747E79297B9D5A00309752 /* PTZPrefCamera.h */ = {isa = PBXFileReference; fileEncoding = 4; lastKnownFileType = sourcecode.c.h; path = PTZPrefCamera.h; sourceTree = "<group>"; };
		94747E7E297BB36C00309752 /* PSMSceneCollectionItem.h */ = {isa = PBXFileReference; lastKnownFileType = sourcecode.c.h; path = PSMSceneCollectionItem.h; sourceTree = "<group>"; };
		94747E7F297BB36C00309752 /* PSMSceneCollectionItem.m */ = {isa = PBXFileReference; lastKnownFileType = sourcecode.c.objc; path = PSMSceneCollectionItem.m; sourceTree = "<group>"; };
		94747E81297BBD4800309752 /* PSMSceneCollectionItem.xib */ = {isa = PBXFileReference; lastKnownFileType = file.xib; path = PSMSceneCollectionItem.xib; sourceTree = "<group>"; };
		94890D5E29809BE0006EAB75 /* .gitignore */ = {isa = PBXFileReference; lastKnownFileType = text; path = .gitignore; sourceTree = "<group>"; };
		94890E3A298275ED006EAB75 /* PSMOBSWebSocketController.h */ = {isa = PBXFileReference; lastKnownFileType = sourcecode.c.h; path = PSMOBSWebSocketController.h; sourceTree = "<group>"; };
		94890E3B298275ED006EAB75 /* PSMOBSWebSocketController.mm */ = {isa = PBXFileReference; lastKnownFileType = sourcecode.cpp.objcpp; path = PSMOBSWebSocketController.mm; sourceTree = "<group>"; };
		94890E3E29827619006EAB75 /* easywsclient.hpp */ = {isa = PBXFileReference; fileEncoding = 4; lastKnownFileType = sourcecode.cpp.h; path = easywsclient.hpp; sourceTree = "<group>"; };
		94890E3F29827619006EAB75 /* easywsclient.cpp */ = {isa = PBXFileReference; fileEncoding = 4; lastKnownFileType = sourcecode.cpp.cpp; path = easywsclient.cpp; sourceTree = "<group>"; };
		94A09646299624F700F32385 /* LARPrefWindow.h */ = {isa = PBXFileReference; lastKnownFileType = sourcecode.c.h; path = LARPrefWindow.h; sourceTree = "<group>"; };
		94A09647299624F700F32385 /* LARPrefWindow.m */ = {isa = PBXFileReference; lastKnownFileType = sourcecode.c.objc; path = LARPrefWindow.m; sourceTree = "<group>"; };
		94A0964C2997EE8900F32385 /* PTZ Scene ManagerRelease.entitlements */ = {isa = PBXFileReference; lastKnownFileType = text.plist.entitlements; path = "PTZ Scene ManagerRelease.entitlements"; sourceTree = "<group>"; };
		94A0964F299961F900F32385 /* PTZProgressWindowController.h */ = {isa = PBXFileReference; lastKnownFileType = sourcecode.c.h; path = PTZProgressWindowController.h; sourceTree = "<group>"; };
		94A09650299961F900F32385 /* PTZProgressWindowController.m */ = {isa = PBXFileReference; lastKnownFileType = sourcecode.c.objc; path = PTZProgressWindowController.m; sourceTree = "<group>"; };
		94A09651299961F900F32385 /* PTZProgressWindowController.xib */ = {isa = PBXFileReference; lastKnownFileType = file.xib; path = PTZProgressWindowController.xib; sourceTree = "<group>"; };
		94C55AB6297CE96700D8C1DB /* Notes */ = {isa = PBXFileReference; lastKnownFileType = text; path = Notes; sourceTree = "<group>"; };
		94C55AB8297D04B300D8C1DB /* LARClickableImageButton.h */ = {isa = PBXFileReference; lastKnownFileType = sourcecode.c.h; path = LARClickableImageButton.h; sourceTree = "<group>"; };
		94C55AB9297D04B300D8C1DB /* LARClickableImageButton.m */ = {isa = PBXFileReference; lastKnownFileType = sourcecode.c.objc; path = LARClickableImageButton.m; sourceTree = "<group>"; };
		94CEBAEC2983494A00D3C8DC /* LARContextualActionButton.h */ = {isa = PBXFileReference; lastKnownFileType = sourcecode.c.h; path = LARContextualActionButton.h; sourceTree = "<group>"; };
		94CEBAED2983494A00D3C8DC /* LARContextualActionButton.m */ = {isa = PBXFileReference; lastKnownFileType = sourcecode.c.objc; path = LARContextualActionButton.m; sourceTree = "<group>"; };
		94CEBAF32983BF6500D3C8DC /* PTZ Scene Manager-Bridging-Header.h */ = {isa = PBXFileReference; lastKnownFileType = sourcecode.c.h; path = "PTZ Scene Manager-Bridging-Header.h"; sourceTree = "<group>"; };
		94CEBAF62983C2EB00D3C8DC /* OBSAuth.swift */ = {isa = PBXFileReference; fileEncoding = 4; lastKnownFileType = sourcecode.swift; path = OBSAuth.swift; sourceTree = "<group>"; };
		94CEBAF82984934200D3C8DC /* PSMAppPreferencesWindowController.h */ = {isa = PBXFileReference; lastKnownFileType = sourcecode.c.h; path = PSMAppPreferencesWindowController.h; sourceTree = "<group>"; };
		94CEBAF92984934200D3C8DC /* PSMAppPreferencesWindowController.m */ = {isa = PBXFileReference; lastKnownFileType = sourcecode.c.objc; path = PSMAppPreferencesWindowController.m; sourceTree = "<group>"; };
		94CEBAFA2984934200D3C8DC /* PSMAppPreferencesWindowController.xib */ = {isa = PBXFileReference; lastKnownFileType = file.xib; path = PSMAppPreferencesWindowController.xib; sourceTree = "<group>"; };
		94CEBAFD2986256C00D3C8DC /* PTZCameraSceneRange.h */ = {isa = PBXFileReference; lastKnownFileType = sourcecode.c.h; path = PTZCameraSceneRange.h; sourceTree = "<group>"; };
		94CEBAFE2986256C00D3C8DC /* PTZCameraSceneRange.m */ = {isa = PBXFileReference; lastKnownFileType = sourcecode.c.objc; path = PTZCameraSceneRange.m; sourceTree = "<group>"; };
		94CEBB222986B73900D3C8DC /* LARIndexSetVisualizerView.m */ = {isa = PBXFileReference; fileEncoding = 4; lastKnownFileType = sourcecode.c.objc; path = LARIndexSetVisualizerView.m; sourceTree = "<group>"; };
		94CEBB232986B73900D3C8DC /* LARIndexSetVisualizerView.h */ = {isa = PBXFileReference; fileEncoding = 4; lastKnownFileType = sourcecode.c.h; path = LARIndexSetVisualizerView.h; sourceTree = "<group>"; };
		94CEBB272989B8CE00D3C8DC /* PTZAltKeyButton.h */ = {isa = PBXFileReference; fileEncoding = 4; lastKnownFileType = sourcecode.c.h; path = PTZAltKeyButton.h; sourceTree = "<group>"; };
		94CEBB282989B8CE00D3C8DC /* PTZAltKeyButton.m */ = {isa = PBXFileReference; fileEncoding = 4; lastKnownFileType = sourcecode.c.objc; path = PTZAltKeyButton.m; sourceTree = "<group>"; };
		94CEBB37298A0CCE00D3C8DC /* DraggingStackView.swift */ = {isa = PBXFileReference; fileEncoding = 4; lastKnownFileType = sourcecode.swift; path = DraggingStackView.swift; sourceTree = "<group>"; };
		94CEBB3C298AE6DE00D3C8DC /* DraggingStackView.h */ = {isa = PBXFileReference; lastKnownFileType = sourcecode.c.h; path = DraggingStackView.h; sourceTree = "<group>"; };
		94CEBB3D298B58CF00D3C8DC /* PSMRangeCollectionViewController.h */ = {isa = PBXFileReference; lastKnownFileType = sourcecode.c.h; path = PSMRangeCollectionViewController.h; sourceTree = "<group>"; };
		94CEBB3E298B58CF00D3C8DC /* PSMRangeCollectionViewController.m */ = {isa = PBXFileReference; lastKnownFileType = sourcecode.c.objc; path = PSMRangeCollectionViewController.m; sourceTree = "<group>"; };
		94CEBB42298B5B9F00D3C8DC /* PSMRangeCollectionWindowController.h */ = {isa = PBXFileReference; lastKnownFileType = sourcecode.c.h; path = PSMRangeCollectionWindowController.h; sourceTree = "<group>"; };
		94CEBB43298B5B9F00D3C8DC /* PSMRangeCollectionWindowController.m */ = {isa = PBXFileReference; lastKnownFileType = sourcecode.c.objc; path = PSMRangeCollectionWindowController.m; sourceTree = "<group>"; };
		94CEBB44298B5B9F00D3C8DC /* PSMRangeCollectionWindowController.xib */ = {isa = PBXFileReference; lastKnownFileType = file.xib; path = PSMRangeCollectionWindowController.xib; sourceTree = "<group>"; };
/* End PBXFileReference section */

/* Begin PBXFrameworksBuildPhase section */
		94747E1A297B94F800309752 /* Frameworks */ = {
			isa = PBXFrameworksBuildPhase;
			buildActionMask = 2147483647;
			files = (
				9463827729807F190015BA8F /* libavformat.a in Frameworks */,
				9463827B29807F1A0015BA8F /* libswscale.a in Frameworks */,
				946B299D29EE468800E9C1F0 /* liblibvisca-all.a in Frameworks */,
				9463827929807F1A0015BA8F /* libavfilter.a in Frameworks */,
				9463828329807F360015BA8F /* libbz2.tbd in Frameworks */,
				9463827D29807F1A0015BA8F /* libavdevice.a in Frameworks */,
				9463826B29807D8E0015BA8F /* liblibRTSPClient.a in Frameworks */,
				9463827A29807F1A0015BA8F /* libswresample.a in Frameworks */,
				9463828229807F360015BA8F /* libiconv.tbd in Frameworks */,
				9463827C29807F1A0015BA8F /* libavutil.a in Frameworks */,
				9463827829807F190015BA8F /* libavcodec.a in Frameworks */,
				9463828129807F360015BA8F /* libz.tbd in Frameworks */,
			);
			runOnlyForDeploymentPostprocessing = 0;
		};
/* End PBXFrameworksBuildPhase section */

/* Begin PBXGroup section */
		941BFE4F29ADE63900ECEC23 /* regions */ = {
			isa = PBXGroup;
			children = (
				941BFE5529ADE67300ECEC23 /* pixman-private.h */,
				941BFE5029ADE67200ECEC23 /* pixman-region.c */,
				941BFE5429ADE67300ECEC23 /* pixman-region32.c */,
				941BFE5229ADE67200ECEC23 /* pixman-utils.c */,
				941BFE5329ADE67300ECEC23 /* pixman.h */,
			);
			path = regions;
			sourceTree = "<group>";
		};
		94747E14297B94F800309752 = {
			isa = PBXGroup;
			children = (
				94890D5E29809BE0006EAB75 /* .gitignore */,
				94747E35297B952A00309752 /* Frameworks */,
				94747E57297B96A000309752 /* libvisca.h */,
				94747E1E297B94F800309752 /* Products */,
				94747E1F297B94F800309752 /* PTZ Scene Manager */,
			);
			sourceTree = "<group>";
		};
		94747E1E297B94F800309752 /* Products */ = {
			isa = PBXGroup;
			children = (
				94747E1D297B94F800309752 /* PTZ Scene Manager.app */,
			);
			name = Products;
			sourceTree = "<group>";
		};
		94747E1F297B94F800309752 /* PTZ Scene Manager */ = {
			isa = PBXGroup;
			children = (
				94A0964C2997EE8900F32385 /* PTZ Scene ManagerRelease.entitlements */,
				94C55AB6297CE96700D8C1DB /* Notes */,
				94747E20297B94F800309752 /* AppDelegate.h */,
				94747E21297B94F800309752 /* AppDelegate.m */,
				94747E58297B96F900309752 /* PTZCamera.h */,
				94747E5A297B96F900309752 /* PTZCameraInt.h */,
				94747E59297B96F900309752 /* PTZCamera.m */,
				940FCC4929918A1A008FD02F /* PTZCameraOpener.h */,
				940FCC4829918A1A008FD02F /* PTZCameraOpener.m */,
				946CA6B1299C251A00ACC947 /* PTZPrefObject.h */,
				946CA6B4299C26F100ACC947 /* PTZPrefObjectInt.h */,
				946CA6B2299C251A00ACC947 /* PTZPrefObject.m */,
				94747E5D297B970100309752 /* PTZCameraConfig.h */,
				94747E5C297B970100309752 /* PTZCameraConfig.m */,
				94747E79297B9D5A00309752 /* PTZPrefCamera.h */,
				94747E78297B9D5A00309752 /* PTZPrefCamera.m */,
				94CEBAFD2986256C00D3C8DC /* PTZCameraSceneRange.h */,
				94CEBAFE2986256C00D3C8DC /* PTZCameraSceneRange.m */,
				94747E30297B951200309752 /* PSMSceneWindowController.h */,
				94747E31297B951200309752 /* PSMSceneWindowController.m */,
				94747E32297B951200309752 /* PSMSceneWindowController.xib */,
				94747E7E297BB36C00309752 /* PSMSceneCollectionItem.h */,
				94747E7F297BB36C00309752 /* PSMSceneCollectionItem.m */,
				94747E81297BBD4800309752 /* PSMSceneCollectionItem.xib */,
				946346BC297F5CBF0015BA8F /* PSMCameraStateWindowController.h */,
				946346BD297F5CBF0015BA8F /* PSMCameraStateWindowController.m */,
				946346C0297F5D000015BA8F /* PTZCameraStateViewController.h */,
				946346BF297F5D000015BA8F /* PTZCameraStateViewController.m */,
				946346BA297F5C860015BA8F /* PSMCameraStateWindowController.xib */,
				94CEBB42298B5B9F00D3C8DC /* PSMRangeCollectionWindowController.h */,
				94CEBB43298B5B9F00D3C8DC /* PSMRangeCollectionWindowController.m */,
				94CEBB3D298B58CF00D3C8DC /* PSMRangeCollectionViewController.h */,
				94CEBB3E298B58CF00D3C8DC /* PSMRangeCollectionViewController.m */,
				94CEBB44298B5B9F00D3C8DC /* PSMRangeCollectionWindowController.xib */,
				94890E3A298275ED006EAB75 /* PSMOBSWebSocketController.h */,
				94890E3B298275ED006EAB75 /* PSMOBSWebSocketController.mm */,
				94CEBAF82984934200D3C8DC /* PSMAppPreferencesWindowController.h */,
				94CEBAF92984934200D3C8DC /* PSMAppPreferencesWindowController.m */,
				94CEBAFA2984934200D3C8DC /* PSMAppPreferencesWindowController.xib */,
				940FCC512992EDE5008FD02F /* PSMCameraCollectionWindowController.h */,
				940FCC522992EDE5008FD02F /* PSMCameraCollectionWindowController.m */,
				940FCC532992EDE5008FD02F /* PSMCameraCollectionWindowController.xib */,
				940FCC562992F0A3008FD02F /* PSMCameraCollectionItem.h */,
				940FCC572992F0A3008FD02F /* PSMCameraCollectionItem.m */,
				940FCC582992F0A3008FD02F /* PSMCameraCollectionItem.xib */,
				94747E5F297B971100309752 /* PTZProgressGroup.h */,
				94747E60297B971100309752 /* PTZProgressGroup.m */,
				94A0964F299961F900F32385 /* PTZProgressWindowController.h */,
				94A09650299961F900F32385 /* PTZProgressWindowController.m */,
				94A09651299961F900F32385 /* PTZProgressWindowController.xib */,
				94CEBAF62983C2EB00D3C8DC /* OBSAuth.swift */,
				94747E25297B94F900309752 /* MainMenu.xib */,
				941BFE4F29ADE63900ECEC23 /* regions */,
				94C55AB2297CB6A800D8C1DB /* Custom UI */,
				9463826A29807D8D0015BA8F /* liblibRTSPClient.a */,
				946B299C29EE468800E9C1F0 /* liblibvisca-all.a */,
				9463827129807F190015BA8F /* libavcodec.a */,
				9463827629807F190015BA8F /* libavdevice.a */,
				9463827229807F190015BA8F /* libavfilter.a */,
				9463827029807F190015BA8F /* libavformat.a */,
				9463827529807F190015BA8F /* libavutil.a */,
				9463827329807F190015BA8F /* libswresample.a */,
				9463827429807F190015BA8F /* libswscale.a */,
				9463827E29807F360015BA8F /* libbz2.tbd */,
				9463827F29807F360015BA8F /* libiconv.tbd */,
				9463828029807F360015BA8F /* libz.tbd */,
				94890E3D29827601006EAB75 /* websocket */,
				94747E65297B9C5F00309752 /* iniparser */,
				94747E23297B94F900309752 /* Assets.xcassets */,
				94747E28297B94F900309752 /* main.m */,
				94747E2A297B94F900309752 /* PTZ_Scene_Manager.entitlements */,
			);
			path = "PTZ Scene Manager";
			sourceTree = "<group>";
		};
		94747E35297B952A00309752 /* Frameworks */ = {
			isa = PBXGroup;
			children = (
			);
			name = Frameworks;
			sourceTree = "<group>";
		};
		94747E65297B9C5F00309752 /* iniparser */ = {
			isa = PBXGroup;
			children = (
				94747E6D297B9C5F00309752 /* PTZSettingsFile.h */,
				94747E68297B9C5F00309752 /* PTZSettingsFile.m */,
				94747E71297B9C5F00309752 /* PTZIniParser.h */,
				94747E6A297B9C5F00309752 /* PTZIniParser.m */,
				94747E6B297B9C5F00309752 /* ObjCUtils.h */,
				94747E6C297B9C5F00309752 /* dictionary.h */,
				94747E66297B9C5F00309752 /* dictionary.c */,
				94747E6F297B9C5F00309752 /* iniparser.h */,
				94747E69297B9C5F00309752 /* iniparser.c */,
				94747E70297B9C5F00309752 /* ObjCUtils.m */,
			);
			path = iniparser;
			sourceTree = "<group>";
		};
		94890E3D29827601006EAB75 /* websocket */ = {
			isa = PBXGroup;
			children = (
				94890E3F29827619006EAB75 /* easywsclient.cpp */,
				94890E3E29827619006EAB75 /* easywsclient.hpp */,
			);
			name = websocket;
			sourceTree = "<group>";
		};
		94C55AB2297CB6A800D8C1DB /* Custom UI */ = {
			isa = PBXGroup;
			children = (
				94CEBB37298A0CCE00D3C8DC /* DraggingStackView.swift */,
				94CEBB3C298AE6DE00D3C8DC /* DraggingStackView.h */,
				94C55AB8297D04B300D8C1DB /* LARClickableImageButton.h */,
				94C55AB9297D04B300D8C1DB /* LARClickableImageButton.m */,
				946346C3297F5DBA0015BA8F /* PTZOutlineViewDictionaryDataSource.h */,
				946346C2297F5DBA0015BA8F /* PTZOutlineViewDictionaryDataSource.m */,
				94CEBB272989B8CE00D3C8DC /* PTZAltKeyButton.h */,
				94CEBB282989B8CE00D3C8DC /* PTZAltKeyButton.m */,
				946346CA297F5DE70015BA8F /* ColorTempSliderCell.h */,
				946346C8297F5DE70015BA8F /* ColorTempSliderCell.m */,
				946346C9297F5DE70015BA8F /* NSColorAdditions.h */,
				946346C6297F5DE70015BA8F /* NSColorAdditions.m */,
				946346C5297F5DE70015BA8F /* NSWindowAdditions.h */,
				946346C7297F5DE70015BA8F /* NSWindowAdditions.m */,
				946346CE297F60740015BA8F /* PTZStarButtonCell.h */,
				946346CF297F60740015BA8F /* PTZStarButtonCell.m */,
				940FCC4E29922345008FD02F /* PTZStartStopButton.h */,
				940FCC4F29922346008FD02F /* PTZStartStopButton.m */,
				94A09646299624F700F32385 /* LARPrefWindow.h */,
				94A09647299624F700F32385 /* LARPrefWindow.m */,
				9463826F29807DFC0015BA8F /* RTSPPlayer.h */,
				9463826D29807DF60015BA8F /* RTSPViewController.h */,
				9463826C29807DF60015BA8F /* RTSPViewController.m */,
				94CEBAEC2983494A00D3C8DC /* LARContextualActionButton.h */,
				94CEBAED2983494A00D3C8DC /* LARContextualActionButton.m */,
				94CEBB232986B73900D3C8DC /* LARIndexSetVisualizerView.h */,
				94CEBB222986B73900D3C8DC /* LARIndexSetVisualizerView.m */,
				940FCB21298E0D83008FD02F /* LARUpDownStepper.h */,
				940FCB22298E0D83008FD02F /* LARUpDownStepper.m */,
				940FCB40298F079F008FD02F /* LARSplitViewController.h */,
				940FCB41298F079F008FD02F /* LARSplitViewController.m */,
				94CEBAF32983BF6500D3C8DC /* PTZ Scene Manager-Bridging-Header.h */,
			);
			path = "Custom UI";
			sourceTree = "<group>";
		};
/* End PBXGroup section */

/* Begin PBXNativeTarget section */
		94747E1C297B94F800309752 /* PTZ Scene Manager */ = {
			isa = PBXNativeTarget;
			buildConfigurationList = 94747E2D297B94F900309752 /* Build configuration list for PBXNativeTarget "PTZ Scene Manager" */;
			buildPhases = (
				94747E19297B94F800309752 /* Sources */,
				94747E1A297B94F800309752 /* Frameworks */,
				94747E1B297B94F800309752 /* Resources */,
			);
			buildRules = (
			);
			dependencies = (
			);
			name = "PTZ Scene Manager";
			productName = "PTZ Scene Manager";
			productReference = 94747E1D297B94F800309752 /* PTZ Scene Manager.app */;
			productType = "com.apple.product-type.application";
		};
/* End PBXNativeTarget section */

/* Begin PBXProject section */
		94747E15297B94F800309752 /* Project object */ = {
			isa = PBXProject;
			attributes = {
				BuildIndependentTargetsInParallel = 1;
				LastUpgradeCheck = 1410;
				TargetAttributes = {
					94747E1C297B94F800309752 = {
						CreatedOnToolsVersion = 14.1;
						LastSwiftMigration = 1410;
					};
				};
			};
			buildConfigurationList = 94747E18297B94F800309752 /* Build configuration list for PBXProject "PTZ Scene Manager" */;
			compatibilityVersion = "Xcode 14.0";
			developmentRegion = en;
			hasScannedForEncodings = 0;
			knownRegions = (
				en,
				Base,
			);
			mainGroup = 94747E14297B94F800309752;
			productRefGroup = 94747E1E297B94F800309752 /* Products */;
			projectDirPath = "";
			projectRoot = "";
			targets = (
				94747E1C297B94F800309752 /* PTZ Scene Manager */,
			);
		};
/* End PBXProject section */

/* Begin PBXResourcesBuildPhase section */
		94747E1B297B94F800309752 /* Resources */ = {
			isa = PBXResourcesBuildPhase;
			buildActionMask = 2147483647;
			files = (
				940FCC5A2992F0A3008FD02F /* PSMCameraCollectionItem.xib in Resources */,
				94747E82297BBD4800309752 /* PSMSceneCollectionItem.xib in Resources */,
				94CEBB46298B5B9F00D3C8DC /* PSMRangeCollectionWindowController.xib in Resources */,
				946346BB297F5C860015BA8F /* PSMCameraStateWindowController.xib in Resources */,
				94C55AB7297CE96700D8C1DB /* Notes in Resources */,
				94747E34297B951200309752 /* PSMSceneWindowController.xib in Resources */,
				94747E24297B94F900309752 /* Assets.xcassets in Resources */,
				94747E27297B94F900309752 /* MainMenu.xib in Resources */,
				940FCC552992EDE5008FD02F /* PSMCameraCollectionWindowController.xib in Resources */,
				94CEBAFC2984934200D3C8DC /* PSMAppPreferencesWindowController.xib in Resources */,
				94A09653299961F900F32385 /* PTZProgressWindowController.xib in Resources */,
			);
			runOnlyForDeploymentPostprocessing = 0;
		};
/* End PBXResourcesBuildPhase section */

/* Begin PBXSourcesBuildPhase section */
		94747E19297B94F800309752 /* Sources */ = {
			isa = PBXSourcesBuildPhase;
			buildActionMask = 2147483647;
			files = (
				941BFE5729ADE67300ECEC23 /* pixman-utils.c in Sources */,
				946346C1297F5D000015BA8F /* PTZCameraStateViewController.m in Sources */,
				94CEBAFB2984934200D3C8DC /* PSMAppPreferencesWindowController.m in Sources */,
				94747E7A297B9D5A00309752 /* PTZPrefCamera.m in Sources */,
				94747E33297B951200309752 /* PSMSceneWindowController.m in Sources */,
				94CEBB45298B5B9F00D3C8DC /* PSMRangeCollectionWindowController.m in Sources */,
				946346C4297F5DBA0015BA8F /* PTZOutlineViewDictionaryDataSource.m in Sources */,
				946346CD297F5DE70015BA8F /* ColorTempSliderCell.m in Sources */,
				946346CC297F5DE70015BA8F /* NSWindowAdditions.m in Sources */,
				946346BE297F5CBF0015BA8F /* PSMCameraStateWindowController.m in Sources */,
				94747E61297B971100309752 /* PTZProgressGroup.m in Sources */,
				941BFE5829ADE67300ECEC23 /* pixman-region32.c in Sources */,
				946346D0297F60740015BA8F /* PTZStarButtonCell.m in Sources */,
				940FCB42298F079F008FD02F /* LARSplitViewController.m in Sources */,
				94CEBB292989B8CE00D3C8DC /* PTZAltKeyButton.m in Sources */,
				940FCB23298E0D83008FD02F /* LARUpDownStepper.m in Sources */,
				94CEBAFF2986256C00D3C8DC /* PTZCameraSceneRange.m in Sources */,
				94A09652299961F900F32385 /* PTZProgressWindowController.m in Sources */,
				94747E5B297B96F900309752 /* PTZCamera.m in Sources */,
				94CEBAF72983C2EB00D3C8DC /* OBSAuth.swift in Sources */,
				940FCC592992F0A3008FD02F /* PSMCameraCollectionItem.m in Sources */,
				940FCC542992EDE5008FD02F /* PSMCameraCollectionWindowController.m in Sources */,
				946346CB297F5DE70015BA8F /* NSColorAdditions.m in Sources */,
				94890E4029827619006EAB75 /* easywsclient.cpp in Sources */,
				94747E73297B9C5F00309752 /* PTZSettingsFile.m in Sources */,
				94CEBB40298B58CF00D3C8DC /* PSMRangeCollectionViewController.m in Sources */,
				94747E80297BB36C00309752 /* PSMSceneCollectionItem.m in Sources */,
				94747E77297B9C5F00309752 /* ObjCUtils.m in Sources */,
				94CEBB38298A0CCE00D3C8DC /* DraggingStackView.swift in Sources */,
				94747E29297B94F900309752 /* main.m in Sources */,
				946CA6B3299C251A00ACC947 /* PTZPrefObject.m in Sources */,
				94747E75297B9C5F00309752 /* PTZIniParser.m in Sources */,
				94747E5E297B970200309752 /* PTZCameraConfig.m in Sources */,
				94CEBB242986B73900D3C8DC /* LARIndexSetVisualizerView.m in Sources */,
				94A09648299624F700F32385 /* LARPrefWindow.m in Sources */,
				94C55ABA297D04B300D8C1DB /* LARClickableImageButton.m in Sources */,
				94CEBAEE2983494A00D3C8DC /* LARContextualActionButton.m in Sources */,
				940FCC4A29918A1B008FD02F /* PTZCameraOpener.m in Sources */,
				9463826E29807DF60015BA8F /* RTSPViewController.m in Sources */,
				94890E3C298275ED006EAB75 /* PSMOBSWebSocketController.mm in Sources */,
				94747E22297B94F800309752 /* AppDelegate.m in Sources */,
				940FCC5029922346008FD02F /* PTZStartStopButton.m in Sources */,
			);
			runOnlyForDeploymentPostprocessing = 0;
		};
/* End PBXSourcesBuildPhase section */

/* Begin PBXVariantGroup section */
		94747E25297B94F900309752 /* MainMenu.xib */ = {
			isa = PBXVariantGroup;
			children = (
				94747E26297B94F900309752 /* Base */,
			);
			name = MainMenu.xib;
			sourceTree = "<group>";
		};
/* End PBXVariantGroup section */

/* Begin XCBuildConfiguration section */
		94747E2B297B94F900309752 /* Debug */ = {
			isa = XCBuildConfiguration;
			buildSettings = {
				ALWAYS_SEARCH_USER_PATHS = NO;
				CLANG_ANALYZER_NONNULL = YES;
				CLANG_ANALYZER_NUMBER_OBJECT_CONVERSION = YES_AGGRESSIVE;
				CLANG_CXX_LANGUAGE_STANDARD = "gnu++20";
				CLANG_ENABLE_MODULES = YES;
				CLANG_ENABLE_OBJC_ARC = YES;
				CLANG_ENABLE_OBJC_WEAK = YES;
				CLANG_WARN_BLOCK_CAPTURE_AUTORELEASING = YES;
				CLANG_WARN_BOOL_CONVERSION = YES;
				CLANG_WARN_COMMA = YES;
				CLANG_WARN_CONSTANT_CONVERSION = YES;
				CLANG_WARN_DEPRECATED_OBJC_IMPLEMENTATIONS = YES;
				CLANG_WARN_DIRECT_OBJC_ISA_USAGE = YES_ERROR;
				CLANG_WARN_DOCUMENTATION_COMMENTS = YES;
				CLANG_WARN_EMPTY_BODY = YES;
				CLANG_WARN_ENUM_CONVERSION = YES;
				CLANG_WARN_INFINITE_RECURSION = YES;
				CLANG_WARN_INT_CONVERSION = YES;
				CLANG_WARN_NON_LITERAL_NULL_CONVERSION = YES;
				CLANG_WARN_OBJC_IMPLICIT_RETAIN_SELF = YES;
				CLANG_WARN_OBJC_LITERAL_CONVERSION = YES;
				CLANG_WARN_OBJC_ROOT_CLASS = YES_ERROR;
				CLANG_WARN_QUOTED_INCLUDE_IN_FRAMEWORK_HEADER = YES;
				CLANG_WARN_RANGE_LOOP_ANALYSIS = YES;
				CLANG_WARN_STRICT_PROTOTYPES = YES;
				CLANG_WARN_SUSPICIOUS_MOVE = YES;
				CLANG_WARN_UNGUARDED_AVAILABILITY = YES_AGGRESSIVE;
				CLANG_WARN_UNREACHABLE_CODE = YES;
				CLANG_WARN__DUPLICATE_METHOD_MATCH = YES;
				COPY_PHASE_STRIP = NO;
				DEBUG_INFORMATION_FORMAT = dwarf;
				ENABLE_STRICT_OBJC_MSGSEND = YES;
				ENABLE_TESTABILITY = YES;
				GCC_C_LANGUAGE_STANDARD = gnu11;
				GCC_DYNAMIC_NO_PIC = NO;
				GCC_NO_COMMON_BLOCKS = YES;
				GCC_OPTIMIZATION_LEVEL = 0;
				GCC_PREPROCESSOR_DEFINITIONS = (
					"DEBUG=1",
					"$(inherited)",
				);
				GCC_WARN_64_TO_32_BIT_CONVERSION = YES;
				GCC_WARN_ABOUT_RETURN_TYPE = YES_ERROR;
				GCC_WARN_UNDECLARED_SELECTOR = YES;
				GCC_WARN_UNINITIALIZED_AUTOS = YES_AGGRESSIVE;
				GCC_WARN_UNUSED_FUNCTION = YES;
				GCC_WARN_UNUSED_VARIABLE = YES;
				MACOSX_DEPLOYMENT_TARGET = 13.0;
				MTL_ENABLE_DEBUG_INFO = INCLUDE_SOURCE;
				MTL_FAST_MATH = YES;
				ONLY_ACTIVE_ARCH = YES;
				SDKROOT = macosx;
			};
			name = Debug;
		};
		94747E2C297B94F900309752 /* Release */ = {
			isa = XCBuildConfiguration;
			buildSettings = {
				ALWAYS_SEARCH_USER_PATHS = NO;
				CLANG_ANALYZER_NONNULL = YES;
				CLANG_ANALYZER_NUMBER_OBJECT_CONVERSION = YES_AGGRESSIVE;
				CLANG_CXX_LANGUAGE_STANDARD = "gnu++20";
				CLANG_ENABLE_MODULES = YES;
				CLANG_ENABLE_OBJC_ARC = YES;
				CLANG_ENABLE_OBJC_WEAK = YES;
				CLANG_WARN_BLOCK_CAPTURE_AUTORELEASING = YES;
				CLANG_WARN_BOOL_CONVERSION = YES;
				CLANG_WARN_COMMA = YES;
				CLANG_WARN_CONSTANT_CONVERSION = YES;
				CLANG_WARN_DEPRECATED_OBJC_IMPLEMENTATIONS = YES;
				CLANG_WARN_DIRECT_OBJC_ISA_USAGE = YES_ERROR;
				CLANG_WARN_DOCUMENTATION_COMMENTS = YES;
				CLANG_WARN_EMPTY_BODY = YES;
				CLANG_WARN_ENUM_CONVERSION = YES;
				CLANG_WARN_INFINITE_RECURSION = YES;
				CLANG_WARN_INT_CONVERSION = YES;
				CLANG_WARN_NON_LITERAL_NULL_CONVERSION = YES;
				CLANG_WARN_OBJC_IMPLICIT_RETAIN_SELF = YES;
				CLANG_WARN_OBJC_LITERAL_CONVERSION = YES;
				CLANG_WARN_OBJC_ROOT_CLASS = YES_ERROR;
				CLANG_WARN_QUOTED_INCLUDE_IN_FRAMEWORK_HEADER = YES;
				CLANG_WARN_RANGE_LOOP_ANALYSIS = YES;
				CLANG_WARN_STRICT_PROTOTYPES = YES;
				CLANG_WARN_SUSPICIOUS_MOVE = YES;
				CLANG_WARN_UNGUARDED_AVAILABILITY = YES_AGGRESSIVE;
				CLANG_WARN_UNREACHABLE_CODE = YES;
				CLANG_WARN__DUPLICATE_METHOD_MATCH = YES;
				COPY_PHASE_STRIP = NO;
				DEBUG_INFORMATION_FORMAT = "dwarf-with-dsym";
				ENABLE_NS_ASSERTIONS = NO;
				ENABLE_STRICT_OBJC_MSGSEND = YES;
				GCC_C_LANGUAGE_STANDARD = gnu11;
				GCC_NO_COMMON_BLOCKS = YES;
				GCC_WARN_64_TO_32_BIT_CONVERSION = YES;
				GCC_WARN_ABOUT_RETURN_TYPE = YES_ERROR;
				GCC_WARN_UNDECLARED_SELECTOR = YES;
				GCC_WARN_UNINITIALIZED_AUTOS = YES_AGGRESSIVE;
				GCC_WARN_UNUSED_FUNCTION = YES;
				GCC_WARN_UNUSED_VARIABLE = YES;
				MACOSX_DEPLOYMENT_TARGET = 13.0;
				MTL_ENABLE_DEBUG_INFO = NO;
				MTL_FAST_MATH = YES;
				SDKROOT = macosx;
			};
			name = Release;
		};
		94747E2E297B94F900309752 /* Debug */ = {
			isa = XCBuildConfiguration;
			buildSettings = {
				ASSETCATALOG_COMPILER_APPICON_NAME = AppIcon;
				ASSETCATALOG_COMPILER_GLOBAL_ACCENT_COLOR_NAME = AccentColor;
				CLANG_ENABLE_MODULES = YES;
				CODE_SIGN_ENTITLEMENTS = "PTZ Scene Manager/PTZ_Scene_Manager.entitlements";
				CODE_SIGN_STYLE = Automatic;
				COMBINE_HIDPI_IMAGES = YES;
				CURRENT_PROJECT_VERSION = 1;
				DEFINES_MODULE = YES;
				DEVELOPMENT_TEAM = 92RP9V4XB5;
				ENABLE_HARDENED_RUNTIME = YES;
				GENERATE_INFOPLIST_FILE = YES;
				INFOPLIST_KEY_LSApplicationCategoryType = "public.app-category.productivity";
				INFOPLIST_KEY_NSHumanReadableCopyright = "";
				INFOPLIST_KEY_NSMainNibFile = MainMenu;
				INFOPLIST_KEY_NSPrincipalClass = NSApplication;
				LD_RUNPATH_SEARCH_PATHS = (
					"$(inherited)",
					"@executable_path/../Frameworks",
				);
				LIBRARY_SEARCH_PATHS = (
					"$(inherited)",
					"$(PROJECT_DIR)/PTZ\\ Scene\\ Manager",
					"$(PROJECT_DIR)/PTZ\\ Scene\\ Manager",
					"$(PROJECT_DIR)/PTZ\\ Scene\\ Manager",
					"$(PROJECT_DIR)/PTZ\\ Scene\\ Manager",
					"$(PROJECT_DIR)/PTZ\\ Scene\\ Manager",
					"$(PROJECT_DIR)/PTZ\\ Scene\\ Manager",
					"$(PROJECT_DIR)/PTZ\\ Scene\\ Manager",
					"$(PROJECT_DIR)/PTZ\\ Scene\\ Manager",
					"$(PROJECT_DIR)/PTZ\\ Scene\\ Manager",
					"$(PROJECT_DIR)/PTZ\\ Scene\\ Manager",
					"$(PROJECT_DIR)/PTZ\\ Scene\\ Manager",
					"$(PROJECT_DIR)/PTZ\\ Scene\\ Manager",
					"$(PROJECT_DIR)/PTZ\\ Scene\\ Manager",
				);
				MACOSX_DEPLOYMENT_TARGET = 11.0;
				MARKETING_VERSION = 1.0;
				PRODUCT_BUNDLE_IDENTIFIER = "lrucker.PTZ-Scene-Manager";
				PRODUCT_NAME = "$(TARGET_NAME)";
				SWIFT_EMIT_LOC_STRINGS = YES;
				SWIFT_OBJC_BRIDGING_HEADER = "PTZ Scene Manager/Custom UI/PTZ Scene Manager-Bridging-Header.h";
				SWIFT_OPTIMIZATION_LEVEL = "-Onone";
				SWIFT_VERSION = 5.0;
			};
			name = Debug;
		};
		94747E2F297B94F900309752 /* Release */ = {
			isa = XCBuildConfiguration;
			buildSettings = {
				ASSETCATALOG_COMPILER_APPICON_NAME = AppIcon;
				ASSETCATALOG_COMPILER_GLOBAL_ACCENT_COLOR_NAME = AccentColor;
				CLANG_ENABLE_MODULES = YES;
				CODE_SIGN_ENTITLEMENTS = "PTZ Scene Manager/PTZ Scene ManagerRelease.entitlements";
				CODE_SIGN_STYLE = Automatic;
				COMBINE_HIDPI_IMAGES = YES;
				CURRENT_PROJECT_VERSION = 1;
				DEFINES_MODULE = YES;
				DEVELOPMENT_TEAM = 92RP9V4XB5;
				ENABLE_HARDENED_RUNTIME = YES;
				GENERATE_INFOPLIST_FILE = YES;
				INFOPLIST_KEY_LSApplicationCategoryType = "public.app-category.productivity";
				INFOPLIST_KEY_NSHumanReadableCopyright = "";
				INFOPLIST_KEY_NSMainNibFile = MainMenu;
				INFOPLIST_KEY_NSPrincipalClass = NSApplication;
				LD_RUNPATH_SEARCH_PATHS = (
					"$(inherited)",
					"@executable_path/../Frameworks",
				);
				LIBRARY_SEARCH_PATHS = (
					"$(inherited)",
					"$(PROJECT_DIR)/PTZ\\ Scene\\ Manager",
					"$(PROJECT_DIR)/PTZ\\ Scene\\ Manager",
					"$(PROJECT_DIR)/PTZ\\ Scene\\ Manager",
					"$(PROJECT_DIR)/PTZ\\ Scene\\ Manager",
					"$(PROJECT_DIR)/PTZ\\ Scene\\ Manager",
					"$(PROJECT_DIR)/PTZ\\ Scene\\ Manager",
					"$(PROJECT_DIR)/PTZ\\ Scene\\ Manager",
					"$(PROJECT_DIR)/PTZ\\ Scene\\ Manager",
					"$(PROJECT_DIR)/PTZ\\ Scene\\ Manager",
					"$(PROJECT_DIR)/PTZ\\ Scene\\ Manager",
					"$(PROJECT_DIR)/PTZ\\ Scene\\ Manager",
					"$(PROJECT_DIR)/PTZ\\ Scene\\ Manager",
					"$(PROJECT_DIR)/PTZ\\ Scene\\ Manager",
				);
				MACOSX_DEPLOYMENT_TARGET = 11.0;
				MARKETING_VERSION = 1.0;
				PRODUCT_BUNDLE_IDENTIFIER = "lrucker.PTZ-Scene-Manager";
				PRODUCT_NAME = "$(TARGET_NAME)";
				SWIFT_EMIT_LOC_STRINGS = YES;
				SWIFT_OBJC_BRIDGING_HEADER = "PTZ Scene Manager/Custom UI/PTZ Scene Manager-Bridging-Header.h";
				SWIFT_VERSION = 5.0;
			};
			name = Release;
		};
/* End XCBuildConfiguration section */

/* Begin XCConfigurationList section */
		94747E18297B94F800309752 /* Build configuration list for PBXProject "PTZ Scene Manager" */ = {
			isa = XCConfigurationList;
			buildConfigurations = (
				94747E2B297B94F900309752 /* Debug */,
				94747E2C297B94F900309752 /* Release */,
			);
			defaultConfigurationIsVisible = 0;
			defaultConfigurationName = Release;
		};
		94747E2D297B94F900309752 /* Build configuration list for PBXNativeTarget "PTZ Scene Manager" */ = {
			isa = XCConfigurationList;
			buildConfigurations = (
				94747E2E297B94F900309752 /* Debug */,
				94747E2F297B94F900309752 /* Release */,
			);
			defaultConfigurationIsVisible = 0;
			defaultConfigurationName = Release;
		};
/* End XCConfigurationList section */
	};
	rootObject = 94747E15297B94F800309752 /* Project object */;
}
